
Microsoft Visual Studio Solution File, Format Version 12.00
# Visual Studio 15
Project("{FAE04EC0-301F-11D3-BF4B-00C04F79EFBC}") = "UniHumanoid", "UniHumanoid.csproj", "{374DAD18-41AB-A3B4-170E-AAB236435463}"
EndProject
Project("{FAE04EC0-301F-11D3-BF4B-00C04F79EFBC}") = "SpringBoneJobs", "SpringBoneJobs.csproj", "{CF9E1FEF-A1D1-89FB-BF50-66B8257E8736}"
EndProject
Project("{FAE04EC0-301F-11D3-BF4B-00C04F79EFBC}") = "UniGLTF.Editor", "UniGLTF.Editor.csproj", "{752CCB34-AD2F-E6A8-57EA-831583BF4901}"
EndProject
Project("{FAE04EC0-301F-11D3-BF4B-00C04F79EFBC}") = "UniGLTF", "UniGLTF.csproj", "{FE70B4E2-C958-2545-E977-E3D2D7FEF277}"
EndProject
Project("{FAE04EC0-301F-11D3-BF4B-00C04F79EFBC}") = "VRM", "VRM.csproj", "{F1D7E43E-77A3-A195-2725-5F1C6B07036B}"
EndProject
Project("{FAE04EC0-301F-11D3-BF4B-00C04F79EFBC}") = "UniGLTF.Tests", "UniGLTF.Tests.csproj", "{E92E9421-FFA0-F705-F24F-164C7DABC82B}"
EndProject
Project("{FAE04EC0-301F-11D3-BF4B-00C04F79EFBC}") = "MToon", "MToon.csproj", "{09039834-83A3-34B7-EBD3-3A2EB5019E27}"
EndProject
Project("{FAE04EC0-301F-11D3-BF4B-00C04F79EFBC}") = "UniVRM.Editor", "UniVRM.Editor.csproj", "{8D9ACF5C-F098-EAF1-5D63-39BD086A8F60}"
EndProject
Project("{FAE04EC0-301F-11D3-BF4B-00C04F79EFBC}") = "VRM.Tests", "VRM.Tests.csproj", "{2E5C0E26-4A92-B697-4142-0091BBF6B6F1}"
EndProject
Project("{FAE04EC0-301F-11D3-BF4B-00C04F79EFBC}") = "MToon.Editor", "MToon.Editor.csproj", "{61B8095F-5AD5-B46B-A262-57B30ACEC553}"
EndProject
Project("{FAE04EC0-301F-11D3-BF4B-00C04F79EFBC}") = "UniHumanoid.Editor", "UniHumanoid.Editor.csproj", "{8F8E53C9-FEF7-7041-9DEE-24630FFE6678}"
EndProject
Project("{FAE04EC0-301F-11D3-BF4B-00C04F79EFBC}") = "VRM.Samples.Editor.Tests", "VRM.Samples.Editor.Tests.csproj", "{EE3986FD-0550-39EE-4CFA-CA7CD963ECEB}"
EndProject
Project("{FAE04EC0-301F-11D3-BF4B-00C04F79EFBC}") = "UniGLTF.UniUnlit", "UniGLTF.UniUnlit.csproj", "{B12EBE28-8B2D-45D4-2F70-155057190F43}"
EndProject
Project("{FAE04EC0-301F-11D3-BF4B-00C04F79EFBC}") = "UniHumanoid.Editor.Tests", "UniHumanoid.Editor.Tests.csproj", "{577FDC11-9F16-0EA3-34DE-CE3C18F55E84}"
EndProject
Project("{FAE04EC0-301F-11D3-BF4B-00C04F79EFBC}") = "UniGLTF.UniUnlit.Editor", "UniGLTF.UniUnlit.Editor.csproj", "{6EA3D281-7BCA-02E0-A909-5CD67B363037}"
EndProject
Project("{FAE04EC0-301F-11D3-BF4B-00C04F79EFBC}") = "UniGLTF.Utils", "UniGLTF.Utils.csproj", "{29190513-BD6F-7A20-F715-3CF1B4B83593}"
EndProject
Project("{FAE04EC0-301F-11D3-BF4B-00C04F79EFBC}") = "Assembly-CSharp", "Assembly-CSharp.csproj", "{27A14636-4416-37DD-E4F5-568B61906576}"
EndProject
Global
	GlobalSection(SolutionConfigurationPlatforms) = preSolution
		Debug|Any CPU = Debug|Any CPU
		Release|Any CPU = Release|Any CPU
	EndGlobalSection
	GlobalSection(ProjectConfigurationPlatforms) = postSolution
		{374DAD18-41AB-A3B4-170E-AAB236435463}.Debug|Any CPU.ActiveCfg = Debug|Any CPU
		{374DAD18-41AB-A3B4-170E-AAB236435463}.Debug|Any CPU.Build.0 = Debug|Any CPU
		{374DAD18-41AB-A3B4-170E-AAB236435463}.Release|Any CPU.ActiveCfg = Release|Any CPU
		{374DAD18-41AB-A3B4-170E-AAB236435463}.Release|Any CPU.Build.0 = Release|Any CPU
		{CF9E1FEF-A1D1-89FB-BF50-66B8257E8736}.Debug|Any CPU.ActiveCfg = Debug|Any CPU
		{CF9E1FEF-A1D1-89FB-BF50-66B8257E8736}.Debug|Any CPU.Build.0 = Debug|Any CPU
		{CF9E1FEF-A1D1-89FB-BF50-66B8257E8736}.Release|Any CPU.ActiveCfg = Release|Any CPU
		{CF9E1FEF-A1D1-89FB-BF50-66B8257E8736}.Release|Any CPU.Build.0 = Release|Any CPU
		{752CCB34-AD2F-E6A8-57EA-831583BF4901}.Debug|Any CPU.ActiveCfg = Debug|Any CPU
		{752CCB34-AD2F-E6A8-57EA-831583BF4901}.Debug|Any CPU.Build.0 = Debug|Any CPU
		{752CCB34-AD2F-E6A8-57EA-831583BF4901}.Release|Any CPU.ActiveCfg = Release|Any CPU
		{752CCB34-AD2F-E6A8-57EA-831583BF4901}.Release|Any CPU.Build.0 = Release|Any CPU
		{FE70B4E2-C958-2545-E977-E3D2D7FEF277}.Debug|Any CPU.ActiveCfg = Debug|Any CPU
		{FE70B4E2-C958-2545-E977-E3D2D7FEF277}.Debug|Any CPU.Build.0 = Debug|Any CPU
		{FE70B4E2-C958-2545-E977-E3D2D7FEF277}.Release|Any CPU.ActiveCfg = Release|Any CPU
		{FE70B4E2-C958-2545-E977-E3D2D7FEF277}.Release|Any CPU.Build.0 = Release|Any CPU
		{F1D7E43E-77A3-A195-2725-5F1C6B07036B}.Debug|Any CPU.ActiveCfg = Debug|Any CPU
		{F1D7E43E-77A3-A195-2725-5F1C6B07036B}.Debug|Any CPU.Build.0 = Debug|Any CPU
		{F1D7E43E-77A3-A195-2725-5F1C6B07036B}.Release|Any CPU.ActiveCfg = Release|Any CPU
		{F1D7E43E-77A3-A195-2725-5F1C6B07036B}.Release|Any CPU.Build.0 = Release|Any CPU
		{E92E9421-FFA0-F705-F24F-164C7DABC82B}.Debug|Any CPU.ActiveCfg = Debug|Any CPU
		{E92E9421-FFA0-F705-F24F-164C7DABC82B}.Debug|Any CPU.Build.0 = Debug|Any CPU
		{E92E9421-FFA0-F705-F24F-164C7DABC82B}.Release|Any CPU.ActiveCfg = Release|Any CPU
		{E92E9421-FFA0-F705-F24F-164C7DABC82B}.Release|Any CPU.Build.0 = Release|Any CPU
		{09039834-83A3-34B7-EBD3-3A2EB5019E27}.Debug|Any CPU.ActiveCfg = Debug|Any CPU
		{09039834-83A3-34B7-EBD3-3A2EB5019E27}.Debug|Any CPU.Build.0 = Debug|Any CPU
		{09039834-83A3-34B7-EBD3-3A2EB5019E27}.Release|Any CPU.ActiveCfg = Release|Any CPU
		{09039834-83A3-34B7-EBD3-3A2EB5019E27}.Release|Any CPU.Build.0 = Release|Any CPU
		{8D9ACF5C-F098-EAF1-5D63-39BD086A8F60}.Debug|Any CPU.ActiveCfg = Debug|Any CPU
		{8D9ACF5C-F098-EAF1-5D63-39BD086A8F60}.Debug|Any CPU.Build.0 = Debug|Any CPU
		{8D9ACF5C-F098-EAF1-5D63-39BD086A8F60}.Release|Any CPU.ActiveCfg = Release|Any CPU
		{8D9ACF5C-F098-EAF1-5D63-39BD086A8F60}.Release|Any CPU.Build.0 = Release|Any CPU
		{2E5C0E26-4A92-B697-4142-0091BBF6B6F1}.Debug|Any CPU.ActiveCfg = Debug|Any CPU
		{2E5C0E26-4A92-B697-4142-0091BBF6B6F1}.Debug|Any CPU.Build.0 = Debug|Any CPU
		{2E5C0E26-4A92-B697-4142-0091BBF6B6F1}.Release|Any CPU.ActiveCfg = Release|Any CPU
		{2E5C0E26-4A92-B697-4142-0091BBF6B6F1}.Release|Any CPU.Build.0 = Release|Any CPU
		{61B8095F-5AD5-B46B-A262-57B30ACEC553}.Debug|Any CPU.ActiveCfg = Debug|Any CPU
		{61B8095F-5AD5-B46B-A262-57B30ACEC553}.Debug|Any CPU.Build.0 = Debug|Any CPU
		{61B8095F-5AD5-B46B-A262-57B30ACEC553}.Release|Any CPU.ActiveCfg = Release|Any CPU
		{61B8095F-5AD5-B46B-A262-57B30ACEC553}.Release|Any CPU.Build.0 = Release|Any CPU
		{8F8E53C9-FEF7-7041-9DEE-24630FFE6678}.Debug|Any CPU.ActiveCfg = Debug|Any CPU
		{8F8E53C9-FEF7-7041-9DEE-24630FFE6678}.Debug|Any CPU.Build.0 = Debug|Any CPU
		{8F8E53C9-FEF7-7041-9DEE-24630FFE6678}.Release|Any CPU.ActiveCfg = Release|Any CPU
		{8F8E53C9-FEF7-7041-9DEE-24630FFE6678}.Release|Any CPU.Build.0 = Release|Any CPU
		{EE3986FD-0550-39EE-4CFA-CA7CD963ECEB}.Debug|Any CPU.ActiveCfg = Debug|Any CPU
		{EE3986FD-0550-39EE-4CFA-CA7CD963ECEB}.Debug|Any CPU.Build.0 = Debug|Any CPU
		{EE3986FD-0550-39EE-4CFA-CA7CD963ECEB}.Release|Any CPU.ActiveCfg = Release|Any CPU
		{EE3986FD-0550-39EE-4CFA-CA7CD963ECEB}.Release|Any CPU.Build.0 = Release|Any CPU
		{B12EBE28-8B2D-45D4-2F70-155057190F43}.Debug|Any CPU.ActiveCfg = Debug|Any CPU
		{B12EBE28-8B2D-45D4-2F70-155057190F43}.Debug|Any CPU.Build.0 = Debug|Any CPU
		{B12EBE28-8B2D-45D4-2F70-155057190F43}.Release|Any CPU.ActiveCfg = Release|Any CPU
		{B12EBE28-8B2D-45D4-2F70-155057190F43}.Release|Any CPU.Build.0 = Release|Any CPU
		{577FDC11-9F16-0EA3-34DE-CE3C18F55E84}.Debug|Any CPU.ActiveCfg = Debug|Any CPU
		{577FDC11-9F16-0EA3-34DE-CE3C18F55E84}.Debug|Any CPU.Build.0 = Debug|Any CPU
		{577FDC11-9F16-0EA3-34DE-CE3C18F55E84}.Release|Any CPU.ActiveCfg = Release|Any CPU
		{577FDC11-9F16-0EA3-34DE-CE3C18F55E84}.Release|Any CPU.Build.0 = Release|Any CPU
		{6EA3D281-7BCA-02E0-A909-5CD67B363037}.Debug|Any CPU.ActiveCfg = Debug|Any CPU
		{6EA3D281-7BCA-02E0-A909-5CD67B363037}.Debug|Any CPU.Build.0 = Debug|Any CPU
		{6EA3D281-7BCA-02E0-A909-5CD67B363037}.Release|Any CPU.ActiveCfg = Release|Any CPU
		{6EA3D281-7BCA-02E0-A909-5CD67B363037}.Release|Any CPU.Build.0 = Release|Any CPU
		{29190513-BD6F-7A20-F715-3CF1B4B83593}.Debug|Any CPU.ActiveCfg = Debug|Any CPU
		{29190513-BD6F-7A20-F715-3CF1B4B83593}.Debug|Any CPU.Build.0 = Debug|Any CPU
		{29190513-BD6F-7A20-F715-3CF1B4B83593}.Release|Any CPU.ActiveCfg = Release|Any CPU
		{29190513-BD6F-7A20-F715-3CF1B4B83593}.Release|Any CPU.Build.0 = Release|Any CPU
		{27A14636-4416-37DD-E4F5-568B61906576}.Debug|Any CPU.ActiveCfg = Debug|Any CPU
		{27A14636-4416-37DD-E4F5-568B61906576}.Debug|Any CPU.Build.0 = Debug|Any CPU
		{27A14636-4416-37DD-E4F5-568B61906576}.Release|Any CPU.ActiveCfg = Release|Any CPU
		{27A14636-4416-37DD-E4F5-568B61906576}.Release|Any CPU.Build.0 = Release|Any CPU
	EndGlobalSection
	GlobalSection(SolutionProperties) = preSolution
		HideSolutionNode = FALSE
	EndGlobalSection
EndGlobal
